// !$*UTF8*$!
{
	archiveVersion = 1;
	classes = {
	};
	objectVersion = 56;
	objects = {

/* Begin PBXBuildFile section */
		5B034B332C9A804C00FB65F8 /* LocalFeedLoader.swift in Sources */ = {isa = PBXBuildFile; fileRef = 5B034B322C9A804100FB65F8 /* LocalFeedLoader.swift */; };
		5B034B352C9A819900FB65F8 /* FeedStore.swift in Sources */ = {isa = PBXBuildFile; fileRef = 5B034B342C9A819900FB65F8 /* FeedStore.swift */; };
		5B034B372C9BD23300FB65F8 /* RemoteFeedItem.swift in Sources */ = {isa = PBXBuildFile; fileRef = 5B034B362C9BD23300FB65F8 /* RemoteFeedItem.swift */; };
		5B034B392C9BD2C000FB65F8 /* LocalFeedImage.swift in Sources */ = {isa = PBXBuildFile; fileRef = 5B034B382C9BD2C000FB65F8 /* LocalFeedImage.swift */; };
		5B034B3B2CA0B09F00FB65F8 /* LoadFeedFromCacheUseCaseTests.swift in Sources */ = {isa = PBXBuildFile; fileRef = 5B034B3A2CA0B09F00FB65F8 /* LoadFeedFromCacheUseCaseTests.swift */; };
		5B034B3F2CA0BAA500FB65F8 /* FeedStoreSpy.swift in Sources */ = {isa = PBXBuildFile; fileRef = 5B034B3E2CA0BAA500FB65F8 /* FeedStoreSpy.swift */; };
		5B034B412CA371CB00FB65F8 /* ValidateFeedCacheUseCaseTests.swift in Sources */ = {isa = PBXBuildFile; fileRef = 5B034B402CA371CB00FB65F8 /* ValidateFeedCacheUseCaseTests.swift */; };
		5B034B432CA3A0C800FB65F8 /* FeedCacheTestHelpers.swift in Sources */ = {isa = PBXBuildFile; fileRef = 5B034B422CA3A0C800FB65F8 /* FeedCacheTestHelpers.swift */; };
		5B034B452CA3A1A100FB65F8 /* SharedTestHelpers.swift in Sources */ = {isa = PBXBuildFile; fileRef = 5B034B442CA3A1A100FB65F8 /* SharedTestHelpers.swift */; };
		5B034B462CA3A1A100FB65F8 /* SharedTestHelpers.swift in Sources */ = {isa = PBXBuildFile; fileRef = 5B034B442CA3A1A100FB65F8 /* SharedTestHelpers.swift */; };
		5B0E220B2BFE2FEA009FC3EB /* HTTPClient.swift in Sources */ = {isa = PBXBuildFile; fileRef = 5B0E220A2BFE2FEA009FC3EB /* HTTPClient.swift */; };
		5B0E220D2BFE3135009FC3EB /* FeedItemsMapper.swift in Sources */ = {isa = PBXBuildFile; fileRef = 5B0E220C2BFE3135009FC3EB /* FeedItemsMapper.swift */; };
		5B107E032BF5BB2100927709 /* EssentialFeed.framework in Frameworks */ = {isa = PBXBuildFile; fileRef = 5B107DF82BF5BB2100927709 /* EssentialFeed.framework */; };
		5B107E092BF5BB2100927709 /* EssentialFeed.h in Headers */ = {isa = PBXBuildFile; fileRef = 5B107DFB2BF5BB2100927709 /* EssentialFeed.h */; settings = {ATTRIBUTES = (Public, ); }; };
		5B107E132BF5BB4200927709 /* FeedImage.swift in Sources */ = {isa = PBXBuildFile; fileRef = 5B107E122BF5BB4200927709 /* FeedImage.swift */; };
		5B107E152BF5BF1400927709 /* FeedLoader.swift in Sources */ = {isa = PBXBuildFile; fileRef = 5B107E142BF5BF1400927709 /* FeedLoader.swift */; };
		5B1C4F9B2C0556ED003F0429 /* URLSessionHTTPClient.swift in Sources */ = {isa = PBXBuildFile; fileRef = 5B1C4F9A2C0556ED003F0429 /* URLSessionHTTPClient.swift */; };
		5B1C4FC92C057236003F0429 /* EssentialFeedAPIEndToEndTests.swift in Sources */ = {isa = PBXBuildFile; fileRef = 5B1C4FC82C057236003F0429 /* EssentialFeedAPIEndToEndTests.swift */; };
		5B1C4FCA2C057236003F0429 /* EssentialFeed.framework in Frameworks */ = {isa = PBXBuildFile; fileRef = 5B107DF82BF5BB2100927709 /* EssentialFeed.framework */; };
		5B1C4FD02C0579EE003F0429 /* XCTestCase+MemoryLeakTracking.swift in Sources */ = {isa = PBXBuildFile; fileRef = 5B8BB9982C02719F00D40D42 /* XCTestCase+MemoryLeakTracking.swift */; };
		5B304EEA2BFF582400AF431F /* URLSessionHTTPClientTests.swift in Sources */ = {isa = PBXBuildFile; fileRef = 5B304EE92BFF582400AF431F /* URLSessionHTTPClientTests.swift */; };
		5B4BAE7E2CFBA0EE00CE079A /* EssentialFeediOS.framework in Frameworks */ = {isa = PBXBuildFile; fileRef = 5B4BAE762CFBA0EE00CE079A /* EssentialFeediOS.framework */; };
		5B4BAE912CFBA12A00CE079A /* EssentialFeediOS.h in Headers */ = {isa = PBXBuildFile; fileRef = 5B4BAE8F2CFBA12A00CE079A /* EssentialFeediOS.h */; settings = {ATTRIBUTES = (Public, ); }; };
		5B69928F2CFE811200DD47E9 /* FeedViewControllerTests.swift in Sources */ = {isa = PBXBuildFile; fileRef = 5B69928E2CFE811200DD47E9 /* FeedViewControllerTests.swift */; };
		5B6992912CFE85E400DD47E9 /* EssentialFeed.framework in Frameworks */ = {isa = PBXBuildFile; fileRef = 5B107DF82BF5BB2100927709 /* EssentialFeed.framework */; platformFilter = ios; };
		5B6992922CFE85E400DD47E9 /* EssentialFeed.framework in Embed Frameworks */ = {isa = PBXBuildFile; fileRef = 5B107DF82BF5BB2100927709 /* EssentialFeed.framework */; platformFilter = ios; settings = {ATTRIBUTES = (CodeSignOnCopy, RemoveHeadersOnCopy, ); }; };
		5B6992972CFE8D8B00DD47E9 /* XCTestCase+MemoryLeakTracking.swift in Sources */ = {isa = PBXBuildFile; fileRef = 5B8BB9982C02719F00D40D42 /* XCTestCase+MemoryLeakTracking.swift */; };
		5B6992AD2D012C7200DD47E9 /* FeedViewController.swift in Sources */ = {isa = PBXBuildFile; fileRef = 5B6992AC2D012C7200DD47E9 /* FeedViewController.swift */; };
		5B6992D72D03F23700DD47E9 /* FeedImageCell.swift in Sources */ = {isa = PBXBuildFile; fileRef = 5B6992D62D03F23700DD47E9 /* FeedImageCell.swift */; };
		5B6992D92D0662B200DD47E9 /* UIView+Shimmering.swift in Sources */ = {isa = PBXBuildFile; fileRef = 5B6992D82D0662B200DD47E9 /* UIView+Shimmering.swift */; };
		5B6992E32D091BED00DD47E9 /* UIImage+TestHelpers.swift in Sources */ = {isa = PBXBuildFile; fileRef = 5B6992E22D091BED00DD47E9 /* UIImage+TestHelpers.swift */; };
		5B6992E52D091CA600DD47E9 /* UIRefreshControl+TestHelpers.swift in Sources */ = {isa = PBXBuildFile; fileRef = 5B6992E42D091CA600DD47E9 /* UIRefreshControl+TestHelpers.swift */; };
		5B6992E72D091D5000DD47E9 /* UIButton+TestHelpers.swift in Sources */ = {isa = PBXBuildFile; fileRef = 5B6992E62D091D5000DD47E9 /* UIButton+TestHelpers.swift */; };
		5B6992E92D091DF400DD47E9 /* UIControl+TestHelpers.swift in Sources */ = {isa = PBXBuildFile; fileRef = 5B6992E82D091DF400DD47E9 /* UIControl+TestHelpers.swift */; };
		5B6992EE2D091FD700DD47E9 /* FeedViewController+TestHelpers.swift in Sources */ = {isa = PBXBuildFile; fileRef = 5B6992ED2D091FD700DD47E9 /* FeedViewController+TestHelpers.swift */; };
		5B6992F02D09223300DD47E9 /* FeedImageCell+TestHelpers.swift in Sources */ = {isa = PBXBuildFile; fileRef = 5B6992EF2D09223300DD47E9 /* FeedImageCell+TestHelpers.swift */; };
		5B6992F22D0922FD00DD47E9 /* FeedViewControllerTests+LoaderSpy.swift in Sources */ = {isa = PBXBuildFile; fileRef = 5B6992F12D0922FD00DD47E9 /* FeedViewControllerTests+LoaderSpy.swift */; };
		5B6992F42D0923F500DD47E9 /* UIRefreshControlSpy.swift in Sources */ = {isa = PBXBuildFile; fileRef = 5B6992F32D0923F500DD47E9 /* UIRefreshControlSpy.swift */; };
		5B6992F62D09313600DD47E9 /* FeedViewControllerTests+Assertions.swift in Sources */ = {isa = PBXBuildFile; fileRef = 5B6992F52D09313600DD47E9 /* FeedViewControllerTests+Assertions.swift */; };
		5B6992FB2D09353200DD47E9 /* FeedImageDataLoader.swift in Sources */ = {isa = PBXBuildFile; fileRef = 5B6992FA2D09353200DD47E9 /* FeedImageDataLoader.swift */; };
		5B6992FD2D09422D00DD47E9 /* FeedRefreshViewController.swift in Sources */ = {isa = PBXBuildFile; fileRef = 5B6992FC2D09422D00DD47E9 /* FeedRefreshViewController.swift */; };
		5B7AB8D72BF8BCE60034C68B /* LoadFeedFromRemoteUseCaseTests.swift in Sources */ = {isa = PBXBuildFile; fileRef = 5B7AB8D62BF8BCE60034C68B /* LoadFeedFromRemoteUseCaseTests.swift */; };
		5B7BDE022BFA81B70002E7F8 /* RemoteFeedLoader.swift in Sources */ = {isa = PBXBuildFile; fileRef = 5B7BDE012BFA81B70002E7F8 /* RemoteFeedLoader.swift */; };
		5B8BB9992C02719F00D40D42 /* XCTestCase+MemoryLeakTracking.swift in Sources */ = {isa = PBXBuildFile; fileRef = 5B8BB9982C02719F00D40D42 /* XCTestCase+MemoryLeakTracking.swift */; };
		5B8BD18F2C3798D400CCA870 /* CacheFeedUseCaseTests.swift in Sources */ = {isa = PBXBuildFile; fileRef = 5B8BD18E2C3798D400CCA870 /* CacheFeedUseCaseTests.swift */; };
		5BA598B42CE18F9F007B1795 /* EssentialFeed.framework in Frameworks */ = {isa = PBXBuildFile; fileRef = 5B107DF82BF5BB2100927709 /* EssentialFeed.framework */; };
		5BA598BC2CE194BC007B1795 /* EssentialFeedCacheIntegrationTests.swift in Sources */ = {isa = PBXBuildFile; fileRef = 5BA598BA2CE194BC007B1795 /* EssentialFeedCacheIntegrationTests.swift */; };
		5BA598BE2CE1998D007B1795 /* XCTestCase+MemoryLeakTracking.swift in Sources */ = {isa = PBXBuildFile; fileRef = 5B8BB9982C02719F00D40D42 /* XCTestCase+MemoryLeakTracking.swift */; };
		5BA598BF2CE19E50007B1795 /* FeedCacheTestHelpers.swift in Sources */ = {isa = PBXBuildFile; fileRef = 5B034B422CA3A0C800FB65F8 /* FeedCacheTestHelpers.swift */; };
		5BA598C02CE19EE0007B1795 /* SharedTestHelpers.swift in Sources */ = {isa = PBXBuildFile; fileRef = 5B034B442CA3A1A100FB65F8 /* SharedTestHelpers.swift */; };
		5BC4F6CB2CDAF0B20002D4CF /* CoreDataHelpers.swift in Sources */ = {isa = PBXBuildFile; fileRef = 5BC4F6CA2CDAF0B20002D4CF /* CoreDataHelpers.swift */; };
		5BC4F6CD2CDAF1B30002D4CF /* ManagedCache.swift in Sources */ = {isa = PBXBuildFile; fileRef = 5BC4F6CC2CDAF1B30002D4CF /* ManagedCache.swift */; };
		5BC4F6CF2CDAF1C60002D4CF /* ManagedFeedImage.swift in Sources */ = {isa = PBXBuildFile; fileRef = 5BC4F6CE2CDAF1C60002D4CF /* ManagedFeedImage.swift */; };
		5BE36BA62CD5845700ACC57C /* FeedCachePolicy.swift in Sources */ = {isa = PBXBuildFile; fileRef = 5BE36BA52CD5845700ACC57C /* FeedCachePolicy.swift */; };
		5BF9F2F92CD9961400C8DB96 /* FeedStoreSpecs.swift in Sources */ = {isa = PBXBuildFile; fileRef = 5BF9F2F82CD9961400C8DB96 /* FeedStoreSpecs.swift */; };
		5BF9F2FB2CD997F300C8DB96 /* XCTestCase+FeedStoreSpecs.swift in Sources */ = {isa = PBXBuildFile; fileRef = 5BF9F2FA2CD997F300C8DB96 /* XCTestCase+FeedStoreSpecs.swift */; };
		5BF9F2FF2CD99FF300C8DB96 /* XCTestCase+FailableRetrieveFeedStoreSpecs.swift in Sources */ = {isa = PBXBuildFile; fileRef = 5BF9F2FE2CD99FF300C8DB96 /* XCTestCase+FailableRetrieveFeedStoreSpecs.swift */; };
		5BF9F3012CD9A10500C8DB96 /* XCTestCase+FailableInsertFeedStoreSpecs.swift in Sources */ = {isa = PBXBuildFile; fileRef = 5BF9F3002CD9A10500C8DB96 /* XCTestCase+FailableInsertFeedStoreSpecs.swift */; };
		5BF9F3032CD9A1C600C8DB96 /* XCTestCase+FailableDeleteFeedStoreSpecs.swift in Sources */ = {isa = PBXBuildFile; fileRef = 5BF9F3022CD9A1C600C8DB96 /* XCTestCase+FailableDeleteFeedStoreSpecs.swift */; };
		5BF9F3082CDAD1B600C8DB96 /* CoreDataFeedStoreTests.swift in Sources */ = {isa = PBXBuildFile; fileRef = 5BF9F3072CDAD1B600C8DB96 /* CoreDataFeedStoreTests.swift */; };
		5BF9F30A2CDAD24D00C8DB96 /* CoreDataFeedStore.swift in Sources */ = {isa = PBXBuildFile; fileRef = 5BF9F3092CDAD24D00C8DB96 /* CoreDataFeedStore.swift */; };
		5BF9F30D2CDAD64700C8DB96 /* FeedStore.xcdatamodeld in Sources */ = {isa = PBXBuildFile; fileRef = 5BF9F30B2CDAD64700C8DB96 /* FeedStore.xcdatamodeld */; };
/* End PBXBuildFile section */

/* Begin PBXContainerItemProxy section */
		5B107E042BF5BB2100927709 /* PBXContainerItemProxy */ = {
			isa = PBXContainerItemProxy;
			containerPortal = 5B107DEF2BF5BB2100927709 /* Project object */;
			proxyType = 1;
			remoteGlobalIDString = 5B107DF72BF5BB2100927709;
			remoteInfo = EssentialFeed;
		};
		5B1C4FCB2C057236003F0429 /* PBXContainerItemProxy */ = {
			isa = PBXContainerItemProxy;
			containerPortal = 5B107DEF2BF5BB2100927709 /* Project object */;
			proxyType = 1;
			remoteGlobalIDString = 5B107DF72BF5BB2100927709;
			remoteInfo = EssentialFeed;
		};
		5B4BAE7F2CFBA0EE00CE079A /* PBXContainerItemProxy */ = {
			isa = PBXContainerItemProxy;
			containerPortal = 5B107DEF2BF5BB2100927709 /* Project object */;
			proxyType = 1;
			remoteGlobalIDString = 5B4BAE752CFBA0EE00CE079A;
			remoteInfo = EssentialFeediOS;
		};
		5B6992932CFE85E400DD47E9 /* PBXContainerItemProxy */ = {
			isa = PBXContainerItemProxy;
			containerPortal = 5B107DEF2BF5BB2100927709 /* Project object */;
			proxyType = 1;
			remoteGlobalIDString = 5B107DF72BF5BB2100927709;
			remoteInfo = EssentialFeed;
		};
		5BA598B52CE18F9F007B1795 /* PBXContainerItemProxy */ = {
			isa = PBXContainerItemProxy;
			containerPortal = 5B107DEF2BF5BB2100927709 /* Project object */;
			proxyType = 1;
			remoteGlobalIDString = 5B107DF72BF5BB2100927709;
			remoteInfo = EssentialFeed;
		};
/* End PBXContainerItemProxy section */

/* Begin PBXCopyFilesBuildPhase section */
		5B6992952CFE85E400DD47E9 /* Embed Frameworks */ = {
			isa = PBXCopyFilesBuildPhase;
			buildActionMask = 2147483647;
			dstPath = "";
			dstSubfolderSpec = 10;
			files = (
				5B6992922CFE85E400DD47E9 /* EssentialFeed.framework in Embed Frameworks */,
			);
			name = "Embed Frameworks";
			runOnlyForDeploymentPostprocessing = 0;
		};
/* End PBXCopyFilesBuildPhase section */

/* Begin PBXFileReference section */
		5B034B322C9A804100FB65F8 /* LocalFeedLoader.swift */ = {isa = PBXFileReference; lastKnownFileType = sourcecode.swift; path = LocalFeedLoader.swift; sourceTree = "<group>"; };
		5B034B342C9A819900FB65F8 /* FeedStore.swift */ = {isa = PBXFileReference; lastKnownFileType = sourcecode.swift; path = FeedStore.swift; sourceTree = "<group>"; };
		5B034B362C9BD23300FB65F8 /* RemoteFeedItem.swift */ = {isa = PBXFileReference; lastKnownFileType = sourcecode.swift; path = RemoteFeedItem.swift; sourceTree = "<group>"; };
		5B034B382C9BD2C000FB65F8 /* LocalFeedImage.swift */ = {isa = PBXFileReference; lastKnownFileType = sourcecode.swift; path = LocalFeedImage.swift; sourceTree = "<group>"; };
		5B034B3A2CA0B09F00FB65F8 /* LoadFeedFromCacheUseCaseTests.swift */ = {isa = PBXFileReference; lastKnownFileType = sourcecode.swift; path = LoadFeedFromCacheUseCaseTests.swift; sourceTree = "<group>"; };
		5B034B3E2CA0BAA500FB65F8 /* FeedStoreSpy.swift */ = {isa = PBXFileReference; lastKnownFileType = sourcecode.swift; path = FeedStoreSpy.swift; sourceTree = "<group>"; };
		5B034B402CA371CB00FB65F8 /* ValidateFeedCacheUseCaseTests.swift */ = {isa = PBXFileReference; lastKnownFileType = sourcecode.swift; path = ValidateFeedCacheUseCaseTests.swift; sourceTree = "<group>"; };
		5B034B422CA3A0C800FB65F8 /* FeedCacheTestHelpers.swift */ = {isa = PBXFileReference; lastKnownFileType = sourcecode.swift; path = FeedCacheTestHelpers.swift; sourceTree = "<group>"; };
		5B034B442CA3A1A100FB65F8 /* SharedTestHelpers.swift */ = {isa = PBXFileReference; lastKnownFileType = sourcecode.swift; path = SharedTestHelpers.swift; sourceTree = "<group>"; };
		5B0E220A2BFE2FEA009FC3EB /* HTTPClient.swift */ = {isa = PBXFileReference; lastKnownFileType = sourcecode.swift; path = HTTPClient.swift; sourceTree = "<group>"; };
		5B0E220C2BFE3135009FC3EB /* FeedItemsMapper.swift */ = {isa = PBXFileReference; lastKnownFileType = sourcecode.swift; path = FeedItemsMapper.swift; sourceTree = "<group>"; };
		5B107DF82BF5BB2100927709 /* EssentialFeed.framework */ = {isa = PBXFileReference; explicitFileType = wrapper.framework; includeInIndex = 0; path = EssentialFeed.framework; sourceTree = BUILT_PRODUCTS_DIR; };
		5B107DFB2BF5BB2100927709 /* EssentialFeed.h */ = {isa = PBXFileReference; lastKnownFileType = sourcecode.c.h; path = EssentialFeed.h; sourceTree = "<group>"; };
		5B107E022BF5BB2100927709 /* EssentialFeedTests.xctest */ = {isa = PBXFileReference; explicitFileType = wrapper.cfbundle; includeInIndex = 0; path = EssentialFeedTests.xctest; sourceTree = BUILT_PRODUCTS_DIR; };
		5B107E122BF5BB4200927709 /* FeedImage.swift */ = {isa = PBXFileReference; lastKnownFileType = sourcecode.swift; path = FeedImage.swift; sourceTree = "<group>"; };
		5B107E142BF5BF1400927709 /* FeedLoader.swift */ = {isa = PBXFileReference; lastKnownFileType = sourcecode.swift; path = FeedLoader.swift; sourceTree = "<group>"; };
		5B1C4F9A2C0556ED003F0429 /* URLSessionHTTPClient.swift */ = {isa = PBXFileReference; lastKnownFileType = sourcecode.swift; path = URLSessionHTTPClient.swift; sourceTree = "<group>"; };
		5B1C4F9C2C056BB6003F0429 /* EssentialFeed.xctestplan */ = {isa = PBXFileReference; lastKnownFileType = text; path = EssentialFeed.xctestplan; sourceTree = "<group>"; };
		5B1C4FC62C057236003F0429 /* EssentialFeedAPIEndToEndTests.xctest */ = {isa = PBXFileReference; explicitFileType = wrapper.cfbundle; includeInIndex = 0; path = EssentialFeedAPIEndToEndTests.xctest; sourceTree = BUILT_PRODUCTS_DIR; };
		5B1C4FC82C057236003F0429 /* EssentialFeedAPIEndToEndTests.swift */ = {isa = PBXFileReference; lastKnownFileType = sourcecode.swift; path = EssentialFeedAPIEndToEndTests.swift; sourceTree = "<group>"; };
		5B304EE92BFF582400AF431F /* URLSessionHTTPClientTests.swift */ = {isa = PBXFileReference; lastKnownFileType = sourcecode.swift; path = URLSessionHTTPClientTests.swift; sourceTree = "<group>"; };
		5B4BAE762CFBA0EE00CE079A /* EssentialFeediOS.framework */ = {isa = PBXFileReference; explicitFileType = wrapper.framework; includeInIndex = 0; path = EssentialFeediOS.framework; sourceTree = BUILT_PRODUCTS_DIR; };
		5B4BAE7D2CFBA0EE00CE079A /* EssentialFeediOSTests.xctest */ = {isa = PBXFileReference; explicitFileType = wrapper.cfbundle; includeInIndex = 0; path = EssentialFeediOSTests.xctest; sourceTree = BUILT_PRODUCTS_DIR; };
		5B4BAE8F2CFBA12A00CE079A /* EssentialFeediOS.h */ = {isa = PBXFileReference; lastKnownFileType = sourcecode.c.h; path = EssentialFeediOS.h; sourceTree = "<group>"; };
		5B4BAE922CFBA29600CE079A /* EssentialFeediOS.xctestplan */ = {isa = PBXFileReference; lastKnownFileType = text; name = EssentialFeediOS.xctestplan; path = EssentialFeediOSTests/EssentialFeediOS.xctestplan; sourceTree = SOURCE_ROOT; };
		5B69928E2CFE811200DD47E9 /* FeedViewControllerTests.swift */ = {isa = PBXFileReference; lastKnownFileType = sourcecode.swift; path = FeedViewControllerTests.swift; sourceTree = "<group>"; };
		5B6992AC2D012C7200DD47E9 /* FeedViewController.swift */ = {isa = PBXFileReference; lastKnownFileType = sourcecode.swift; path = FeedViewController.swift; sourceTree = "<group>"; };
		5B6992D62D03F23700DD47E9 /* FeedImageCell.swift */ = {isa = PBXFileReference; lastKnownFileType = sourcecode.swift; path = FeedImageCell.swift; sourceTree = "<group>"; };
		5B6992D82D0662B200DD47E9 /* UIView+Shimmering.swift */ = {isa = PBXFileReference; lastKnownFileType = sourcecode.swift; path = "UIView+Shimmering.swift"; sourceTree = "<group>"; };
		5B6992E22D091BED00DD47E9 /* UIImage+TestHelpers.swift */ = {isa = PBXFileReference; lastKnownFileType = sourcecode.swift; path = "UIImage+TestHelpers.swift"; sourceTree = "<group>"; };
		5B6992E42D091CA600DD47E9 /* UIRefreshControl+TestHelpers.swift */ = {isa = PBXFileReference; lastKnownFileType = sourcecode.swift; path = "UIRefreshControl+TestHelpers.swift"; sourceTree = "<group>"; };
		5B6992E62D091D5000DD47E9 /* UIButton+TestHelpers.swift */ = {isa = PBXFileReference; lastKnownFileType = sourcecode.swift; path = "UIButton+TestHelpers.swift"; sourceTree = "<group>"; };
		5B6992E82D091DF400DD47E9 /* UIControl+TestHelpers.swift */ = {isa = PBXFileReference; lastKnownFileType = sourcecode.swift; path = "UIControl+TestHelpers.swift"; sourceTree = "<group>"; };
		5B6992ED2D091FD700DD47E9 /* FeedViewController+TestHelpers.swift */ = {isa = PBXFileReference; lastKnownFileType = sourcecode.swift; path = "FeedViewController+TestHelpers.swift"; sourceTree = "<group>"; };
		5B6992EF2D09223300DD47E9 /* FeedImageCell+TestHelpers.swift */ = {isa = PBXFileReference; lastKnownFileType = sourcecode.swift; path = "FeedImageCell+TestHelpers.swift"; sourceTree = "<group>"; };
		5B6992F12D0922FD00DD47E9 /* FeedViewControllerTests+LoaderSpy.swift */ = {isa = PBXFileReference; lastKnownFileType = sourcecode.swift; path = "FeedViewControllerTests+LoaderSpy.swift"; sourceTree = "<group>"; };
		5B6992F32D0923F500DD47E9 /* UIRefreshControlSpy.swift */ = {isa = PBXFileReference; lastKnownFileType = sourcecode.swift; path = UIRefreshControlSpy.swift; sourceTree = "<group>"; };
		5B6992F52D09313600DD47E9 /* FeedViewControllerTests+Assertions.swift */ = {isa = PBXFileReference; lastKnownFileType = sourcecode.swift; path = "FeedViewControllerTests+Assertions.swift"; sourceTree = "<group>"; };
		5B6992FA2D09353200DD47E9 /* FeedImageDataLoader.swift */ = {isa = PBXFileReference; lastKnownFileType = sourcecode.swift; path = FeedImageDataLoader.swift; sourceTree = "<group>"; };
		5B6992FC2D09422D00DD47E9 /* FeedRefreshViewController.swift */ = {isa = PBXFileReference; lastKnownFileType = sourcecode.swift; path = FeedRefreshViewController.swift; sourceTree = "<group>"; };
		5B7AB8D62BF8BCE60034C68B /* LoadFeedFromRemoteUseCaseTests.swift */ = {isa = PBXFileReference; lastKnownFileType = sourcecode.swift; path = LoadFeedFromRemoteUseCaseTests.swift; sourceTree = "<group>"; };
		5B7BDE012BFA81B70002E7F8 /* RemoteFeedLoader.swift */ = {isa = PBXFileReference; lastKnownFileType = sourcecode.swift; path = RemoteFeedLoader.swift; sourceTree = "<group>"; };
		5B8BB9982C02719F00D40D42 /* XCTestCase+MemoryLeakTracking.swift */ = {isa = PBXFileReference; lastKnownFileType = sourcecode.swift; path = "XCTestCase+MemoryLeakTracking.swift"; sourceTree = "<group>"; };
		5B8BD15D2C06D36300CCA870 /* CI_macOS.xctestplan */ = {isa = PBXFileReference; lastKnownFileType = text; path = CI_macOS.xctestplan; sourceTree = "<group>"; };
		5B8BD18E2C3798D400CCA870 /* CacheFeedUseCaseTests.swift */ = {isa = PBXFileReference; lastKnownFileType = sourcecode.swift; path = CacheFeedUseCaseTests.swift; sourceTree = "<group>"; };
		5BA598B02CE18F9F007B1795 /* EssentialFeedCacheIntegrationTests.xctest */ = {isa = PBXFileReference; explicitFileType = wrapper.cfbundle; includeInIndex = 0; path = EssentialFeedCacheIntegrationTests.xctest; sourceTree = BUILT_PRODUCTS_DIR; };
		5BA598BA2CE194BC007B1795 /* EssentialFeedCacheIntegrationTests.swift */ = {isa = PBXFileReference; lastKnownFileType = sourcecode.swift; path = EssentialFeedCacheIntegrationTests.swift; sourceTree = "<group>"; };
		5BA598BD2CE1954B007B1795 /* EssentialFeedCacheIntegrationTests.xctestplan */ = {isa = PBXFileReference; lastKnownFileType = text; path = EssentialFeedCacheIntegrationTests.xctestplan; sourceTree = "<group>"; };
		5BA598EA2CFABE45007B1795 /* EssentialFeedAPIEndToEndTests.xctestplan */ = {isa = PBXFileReference; lastKnownFileType = text; path = EssentialFeedAPIEndToEndTests.xctestplan; sourceTree = "<group>"; };
		5BA599DD2CFAD4F3007B1795 /* CI_iOS.xctestplan */ = {isa = PBXFileReference; lastKnownFileType = text; path = CI_iOS.xctestplan; sourceTree = "<group>"; };
		5BC4F6CA2CDAF0B20002D4CF /* CoreDataHelpers.swift */ = {isa = PBXFileReference; lastKnownFileType = sourcecode.swift; path = CoreDataHelpers.swift; sourceTree = "<group>"; };
		5BC4F6CC2CDAF1B30002D4CF /* ManagedCache.swift */ = {isa = PBXFileReference; lastKnownFileType = sourcecode.swift; path = ManagedCache.swift; sourceTree = "<group>"; };
		5BC4F6CE2CDAF1C60002D4CF /* ManagedFeedImage.swift */ = {isa = PBXFileReference; lastKnownFileType = sourcecode.swift; path = ManagedFeedImage.swift; sourceTree = "<group>"; };
		5BE36BA52CD5845700ACC57C /* FeedCachePolicy.swift */ = {isa = PBXFileReference; lastKnownFileType = sourcecode.swift; path = FeedCachePolicy.swift; sourceTree = "<group>"; };
		5BF9F2F82CD9961400C8DB96 /* FeedStoreSpecs.swift */ = {isa = PBXFileReference; lastKnownFileType = sourcecode.swift; path = FeedStoreSpecs.swift; sourceTree = "<group>"; };
		5BF9F2FA2CD997F300C8DB96 /* XCTestCase+FeedStoreSpecs.swift */ = {isa = PBXFileReference; lastKnownFileType = sourcecode.swift; path = "XCTestCase+FeedStoreSpecs.swift"; sourceTree = "<group>"; };
		5BF9F2FE2CD99FF300C8DB96 /* XCTestCase+FailableRetrieveFeedStoreSpecs.swift */ = {isa = PBXFileReference; lastKnownFileType = sourcecode.swift; path = "XCTestCase+FailableRetrieveFeedStoreSpecs.swift"; sourceTree = "<group>"; };
		5BF9F3002CD9A10500C8DB96 /* XCTestCase+FailableInsertFeedStoreSpecs.swift */ = {isa = PBXFileReference; lastKnownFileType = sourcecode.swift; path = "XCTestCase+FailableInsertFeedStoreSpecs.swift"; sourceTree = "<group>"; };
		5BF9F3022CD9A1C600C8DB96 /* XCTestCase+FailableDeleteFeedStoreSpecs.swift */ = {isa = PBXFileReference; lastKnownFileType = sourcecode.swift; path = "XCTestCase+FailableDeleteFeedStoreSpecs.swift"; sourceTree = "<group>"; };
		5BF9F3072CDAD1B600C8DB96 /* CoreDataFeedStoreTests.swift */ = {isa = PBXFileReference; lastKnownFileType = sourcecode.swift; path = CoreDataFeedStoreTests.swift; sourceTree = "<group>"; };
		5BF9F3092CDAD24D00C8DB96 /* CoreDataFeedStore.swift */ = {isa = PBXFileReference; lastKnownFileType = sourcecode.swift; path = CoreDataFeedStore.swift; sourceTree = "<group>"; };
		5BF9F30C2CDAD64700C8DB96 /* FeedStore.xcdatamodel */ = {isa = PBXFileReference; lastKnownFileType = wrapper.xcdatamodel; path = FeedStore.xcdatamodel; sourceTree = "<group>"; };
/* End PBXFileReference section */

/* Begin PBXFrameworksBuildPhase section */
		5B107DF52BF5BB2100927709 /* Frameworks */ = {
			isa = PBXFrameworksBuildPhase;
			buildActionMask = 2147483647;
			files = (
			);
			runOnlyForDeploymentPostprocessing = 0;
		};
		5B107DFF2BF5BB2100927709 /* Frameworks */ = {
			isa = PBXFrameworksBuildPhase;
			buildActionMask = 2147483647;
			files = (
				5B107E032BF5BB2100927709 /* EssentialFeed.framework in Frameworks */,
			);
			runOnlyForDeploymentPostprocessing = 0;
		};
		5B1C4FC32C057236003F0429 /* Frameworks */ = {
			isa = PBXFrameworksBuildPhase;
			buildActionMask = 2147483647;
			files = (
				5B1C4FCA2C057236003F0429 /* EssentialFeed.framework in Frameworks */,
			);
			runOnlyForDeploymentPostprocessing = 0;
		};
		5B4BAE732CFBA0EE00CE079A /* Frameworks */ = {
			isa = PBXFrameworksBuildPhase;
			buildActionMask = 2147483647;
			files = (
				5B6992912CFE85E400DD47E9 /* EssentialFeed.framework in Frameworks */,
			);
			runOnlyForDeploymentPostprocessing = 0;
		};
		5B4BAE7A2CFBA0EE00CE079A /* Frameworks */ = {
			isa = PBXFrameworksBuildPhase;
			buildActionMask = 2147483647;
			files = (
				5B4BAE7E2CFBA0EE00CE079A /* EssentialFeediOS.framework in Frameworks */,
			);
			runOnlyForDeploymentPostprocessing = 0;
		};
		5BA598AD2CE18F9F007B1795 /* Frameworks */ = {
			isa = PBXFrameworksBuildPhase;
			buildActionMask = 2147483647;
			files = (
				5BA598B42CE18F9F007B1795 /* EssentialFeed.framework in Frameworks */,
			);
			runOnlyForDeploymentPostprocessing = 0;
		};
/* End PBXFrameworksBuildPhase section */

/* Begin PBXGroup section */
		5B034B312C9A801400FB65F8 /* Feed Cache */ = {
			isa = PBXGroup;
			children = (
				5BC4F6C82CDAEF750002D4CF /* Infrastructure */,
				5B034B342C9A819900FB65F8 /* FeedStore.swift */,
				5B034B382C9BD2C000FB65F8 /* LocalFeedImage.swift */,
				5B034B322C9A804100FB65F8 /* LocalFeedLoader.swift */,
				5BE36BA52CD5845700ACC57C /* FeedCachePolicy.swift */,
			);
			path = "Feed Cache";
			sourceTree = "<group>";
		};
		5B034B3D2CA0BA7A00FB65F8 /* Helpers */ = {
			isa = PBXGroup;
			children = (
				5B034B3E2CA0BAA500FB65F8 /* FeedStoreSpy.swift */,
				5B034B422CA3A0C800FB65F8 /* FeedCacheTestHelpers.swift */,
			);
			path = Helpers;
			sourceTree = "<group>";
		};
		5B0E220E2BFE404F009FC3EB /* Feed API */ = {
			isa = PBXGroup;
			children = (
				5B7AB8D62BF8BCE60034C68B /* LoadFeedFromRemoteUseCaseTests.swift */,
				5B304EE92BFF582400AF431F /* URLSessionHTTPClientTests.swift */,
			);
			path = "Feed API";
			sourceTree = "<group>";
		};
		5B107DEE2BF5BB2100927709 = {
			isa = PBXGroup;
			children = (
				5BA599DD2CFAD4F3007B1795 /* CI_iOS.xctestplan */,
				5B8BD15D2C06D36300CCA870 /* CI_macOS.xctestplan */,
				5B107DFA2BF5BB2100927709 /* EssentialFeed */,
				5B107E062BF5BB2100927709 /* EssentialFeedTests */,
				5B1C4FC72C057236003F0429 /* EssentialFeedAPIEndToEndTests */,
				5BA598BB2CE194BC007B1795 /* EssentialFeedCacheIntegrationTests */,
				5B4BAE902CFBA12A00CE079A /* EssentialFeediOS */,
				5B4BAE8D2CFBA12700CE079A /* EssentialFeediOSTests */,
				5B6992902CFE85E400DD47E9 /* Frameworks */,
				5B107DF92BF5BB2100927709 /* Products */,
			);
			sourceTree = "<group>";
		};
		5B107DF92BF5BB2100927709 /* Products */ = {
			isa = PBXGroup;
			children = (
				5B107DF82BF5BB2100927709 /* EssentialFeed.framework */,
				5B107E022BF5BB2100927709 /* EssentialFeedTests.xctest */,
				5B1C4FC62C057236003F0429 /* EssentialFeedAPIEndToEndTests.xctest */,
				5BA598B02CE18F9F007B1795 /* EssentialFeedCacheIntegrationTests.xctest */,
				5B4BAE762CFBA0EE00CE079A /* EssentialFeediOS.framework */,
				5B4BAE7D2CFBA0EE00CE079A /* EssentialFeediOSTests.xctest */,
			);
			name = Products;
			sourceTree = "<group>";
		};
		5B107DFA2BF5BB2100927709 /* EssentialFeed */ = {
			isa = PBXGroup;
			children = (
				5B107DFB2BF5BB2100927709 /* EssentialFeed.h */,
				5B034B312C9A801400FB65F8 /* Feed Cache */,
				5B7BDE002BFA81830002E7F8 /* Feed API */,
				5B107E172BF5C12800927709 /* Feed Feature */,
			);
			path = EssentialFeed;
			sourceTree = "<group>";
		};
		5B107E062BF5BB2100927709 /* EssentialFeedTests */ = {
			isa = PBXGroup;
			children = (
				5B1C4F9C2C056BB6003F0429 /* EssentialFeed.xctestplan */,
				5B8BB9972C02714D00D40D42 /* Helpers */,
				5B8BD18C2C37985A00CCA870 /* Feed Cache */,
				5B0E220E2BFE404F009FC3EB /* Feed API */,
			);
			path = EssentialFeedTests;
			sourceTree = "<group>";
		};
		5B107E172BF5C12800927709 /* Feed Feature */ = {
			isa = PBXGroup;
			children = (
				5B107E122BF5BB4200927709 /* FeedImage.swift */,
				5B107E142BF5BF1400927709 /* FeedLoader.swift */,
			);
			path = "Feed Feature";
			sourceTree = "<group>";
		};
		5B1C4FC72C057236003F0429 /* EssentialFeedAPIEndToEndTests */ = {
			isa = PBXGroup;
			children = (
				5BA598EA2CFABE45007B1795 /* EssentialFeedAPIEndToEndTests.xctestplan */,
				5B1C4FC82C057236003F0429 /* EssentialFeedAPIEndToEndTests.swift */,
			);
			path = EssentialFeedAPIEndToEndTests;
			sourceTree = "<group>";
		};
		5B4BAE8D2CFBA12700CE079A /* EssentialFeediOSTests */ = {
			isa = PBXGroup;
			children = (
				5B4BAE922CFBA29600CE079A /* EssentialFeediOS.xctestplan */,
				5B6992F82D0933C300DD47E9 /* Feed UI */,
			);
			path = EssentialFeediOSTests;
			sourceTree = "<group>";
		};
		5B4BAE902CFBA12A00CE079A /* EssentialFeediOS */ = {
			isa = PBXGroup;
			children = (
				5B4BAE8F2CFBA12A00CE079A /* EssentialFeediOS.h */,
				5B6992F92D09350600DD47E9 /* Feed Image Loader */,
				5B6992F72D0932FA00DD47E9 /* Feed UI */,
			);
			path = EssentialFeediOS;
			sourceTree = "<group>";
		};
		5B6992902CFE85E400DD47E9 /* Frameworks */ = {
			isa = PBXGroup;
			children = (
			);
			name = Frameworks;
			sourceTree = "<group>";
		};
		5B6992E12D091B8800DD47E9 /* Helpers */ = {
			isa = PBXGroup;
			children = (
				5B6992E22D091BED00DD47E9 /* UIImage+TestHelpers.swift */,
				5B6992E42D091CA600DD47E9 /* UIRefreshControl+TestHelpers.swift */,
				5B6992E62D091D5000DD47E9 /* UIButton+TestHelpers.swift */,
				5B6992E82D091DF400DD47E9 /* UIControl+TestHelpers.swift */,
				5B6992F32D0923F500DD47E9 /* UIRefreshControlSpy.swift */,
				5B6992ED2D091FD700DD47E9 /* FeedViewController+TestHelpers.swift */,
				5B6992EF2D09223300DD47E9 /* FeedImageCell+TestHelpers.swift */,
				5B6992F12D0922FD00DD47E9 /* FeedViewControllerTests+LoaderSpy.swift */,
				5B6992F52D09313600DD47E9 /* FeedViewControllerTests+Assertions.swift */,
			);
			path = Helpers;
			sourceTree = "<group>";
		};
		5B6992EA2D091EEF00DD47E9 /* Controllers */ = {
			isa = PBXGroup;
			children = (
				5B6992E12D091B8800DD47E9 /* Helpers */,
				5B69928E2CFE811200DD47E9 /* FeedViewControllerTests.swift */,
			);
			path = Controllers;
			sourceTree = "<group>";
		};
		5B6992EB2D091F0A00DD47E9 /* Controllers */ = {
			isa = PBXGroup;
			children = (
				5B6992AC2D012C7200DD47E9 /* FeedViewController.swift */,
				5B6992FC2D09422D00DD47E9 /* FeedRefreshViewController.swift */,
			);
			path = Controllers;
			sourceTree = "<group>";
		};
		5B6992EC2D091F2100DD47E9 /* Views */ = {
			isa = PBXGroup;
			children = (
				5B6992D62D03F23700DD47E9 /* FeedImageCell.swift */,
				5B6992D82D0662B200DD47E9 /* UIView+Shimmering.swift */,
			);
			path = Views;
			sourceTree = "<group>";
		};
		5B6992F72D0932FA00DD47E9 /* Feed UI */ = {
			isa = PBXGroup;
			children = (
				5B6992EB2D091F0A00DD47E9 /* Controllers */,
				5B6992EC2D091F2100DD47E9 /* Views */,
			);
			path = "Feed UI";
			sourceTree = "<group>";
		};
		5B6992F82D0933C300DD47E9 /* Feed UI */ = {
			isa = PBXGroup;
			children = (
				5B6992EA2D091EEF00DD47E9 /* Controllers */,
			);
			path = "Feed UI";
			sourceTree = "<group>";
		};
		5B6992F92D09350600DD47E9 /* Feed Image Loader */ = {
			isa = PBXGroup;
			children = (
				5B6992FA2D09353200DD47E9 /* FeedImageDataLoader.swift */,
			);
			path = "Feed Image Loader";
			sourceTree = "<group>";
		};
		5B7BDE002BFA81830002E7F8 /* Feed API */ = {
			isa = PBXGroup;
			children = (
				5B7BDE012BFA81B70002E7F8 /* RemoteFeedLoader.swift */,
				5B0E220C2BFE3135009FC3EB /* FeedItemsMapper.swift */,
				5B034B362C9BD23300FB65F8 /* RemoteFeedItem.swift */,
				5B0E220A2BFE2FEA009FC3EB /* HTTPClient.swift */,
				5B1C4F9A2C0556ED003F0429 /* URLSessionHTTPClient.swift */,
			);
			path = "Feed API";
			sourceTree = "<group>";
		};
		5B8BB9972C02714D00D40D42 /* Helpers */ = {
			isa = PBXGroup;
			children = (
				5B8BB9982C02719F00D40D42 /* XCTestCase+MemoryLeakTracking.swift */,
				5B034B442CA3A1A100FB65F8 /* SharedTestHelpers.swift */,
			);
			path = Helpers;
			sourceTree = "<group>";
		};
		5B8BD18C2C37985A00CCA870 /* Feed Cache */ = {
			isa = PBXGroup;
			children = (
				5B034B3D2CA0BA7A00FB65F8 /* Helpers */,
				5BF9F3062CD9A4DF00C8DB96 /* FeedStoreSpecs */,
				5B8BD18E2C3798D400CCA870 /* CacheFeedUseCaseTests.swift */,
				5B034B3A2CA0B09F00FB65F8 /* LoadFeedFromCacheUseCaseTests.swift */,
				5B034B402CA371CB00FB65F8 /* ValidateFeedCacheUseCaseTests.swift */,
				5BF9F3072CDAD1B600C8DB96 /* CoreDataFeedStoreTests.swift */,
			);
			path = "Feed Cache";
			sourceTree = "<group>";
		};
		5BA598BB2CE194BC007B1795 /* EssentialFeedCacheIntegrationTests */ = {
			isa = PBXGroup;
			children = (
				5BA598BD2CE1954B007B1795 /* EssentialFeedCacheIntegrationTests.xctestplan */,
				5BA598BA2CE194BC007B1795 /* EssentialFeedCacheIntegrationTests.swift */,
			);
			path = EssentialFeedCacheIntegrationTests;
			sourceTree = "<group>";
		};
		5BC4F6C82CDAEF750002D4CF /* Infrastructure */ = {
			isa = PBXGroup;
			children = (
				5BC4F6C92CDAEFD30002D4CF /* CoreData */,
			);
			path = Infrastructure;
			sourceTree = "<group>";
		};
		5BC4F6C92CDAEFD30002D4CF /* CoreData */ = {
			isa = PBXGroup;
			children = (
				5BF9F3092CDAD24D00C8DB96 /* CoreDataFeedStore.swift */,
				5BF9F30B2CDAD64700C8DB96 /* FeedStore.xcdatamodeld */,
				5BC4F6CA2CDAF0B20002D4CF /* CoreDataHelpers.swift */,
				5BC4F6CC2CDAF1B30002D4CF /* ManagedCache.swift */,
				5BC4F6CE2CDAF1C60002D4CF /* ManagedFeedImage.swift */,
			);
			path = CoreData;
			sourceTree = "<group>";
		};
		5BF9F3062CD9A4DF00C8DB96 /* FeedStoreSpecs */ = {
			isa = PBXGroup;
			children = (
				5BF9F2F82CD9961400C8DB96 /* FeedStoreSpecs.swift */,
				5BF9F2FA2CD997F300C8DB96 /* XCTestCase+FeedStoreSpecs.swift */,
				5BF9F2FE2CD99FF300C8DB96 /* XCTestCase+FailableRetrieveFeedStoreSpecs.swift */,
				5BF9F3002CD9A10500C8DB96 /* XCTestCase+FailableInsertFeedStoreSpecs.swift */,
				5BF9F3022CD9A1C600C8DB96 /* XCTestCase+FailableDeleteFeedStoreSpecs.swift */,
			);
			path = FeedStoreSpecs;
			sourceTree = "<group>";
		};
/* End PBXGroup section */

/* Begin PBXHeadersBuildPhase section */
		5B107DF32BF5BB2100927709 /* Headers */ = {
			isa = PBXHeadersBuildPhase;
			buildActionMask = 2147483647;
			files = (
				5B107E092BF5BB2100927709 /* EssentialFeed.h in Headers */,
			);
			runOnlyForDeploymentPostprocessing = 0;
		};
		5B4BAE712CFBA0EE00CE079A /* Headers */ = {
			isa = PBXHeadersBuildPhase;
			buildActionMask = 2147483647;
			files = (
				5B4BAE912CFBA12A00CE079A /* EssentialFeediOS.h in Headers */,
			);
			runOnlyForDeploymentPostprocessing = 0;
		};
/* End PBXHeadersBuildPhase section */

/* Begin PBXNativeTarget section */
		5B107DF72BF5BB2100927709 /* EssentialFeed */ = {
			isa = PBXNativeTarget;
			buildConfigurationList = 5B107E0C2BF5BB2100927709 /* Build configuration list for PBXNativeTarget "EssentialFeed" */;
			buildPhases = (
				5B107DF32BF5BB2100927709 /* Headers */,
				5B107DF42BF5BB2100927709 /* Sources */,
				5B107DF52BF5BB2100927709 /* Frameworks */,
				5B107DF62BF5BB2100927709 /* Resources */,
			);
			buildRules = (
			);
			dependencies = (
			);
			name = EssentialFeed;
			productName = EssentialFeed;
			productReference = 5B107DF82BF5BB2100927709 /* EssentialFeed.framework */;
			productType = "com.apple.product-type.framework";
		};
		5B107E012BF5BB2100927709 /* EssentialFeedTests */ = {
			isa = PBXNativeTarget;
			buildConfigurationList = 5B107E0F2BF5BB2100927709 /* Build configuration list for PBXNativeTarget "EssentialFeedTests" */;
			buildPhases = (
				5B107DFE2BF5BB2100927709 /* Sources */,
				5B107DFF2BF5BB2100927709 /* Frameworks */,
				5B107E002BF5BB2100927709 /* Resources */,
			);
			buildRules = (
			);
			dependencies = (
				5B107E052BF5BB2100927709 /* PBXTargetDependency */,
			);
			name = EssentialFeedTests;
			productName = EssentialFeedTests;
			productReference = 5B107E022BF5BB2100927709 /* EssentialFeedTests.xctest */;
			productType = "com.apple.product-type.bundle.unit-test";
		};
		5B1C4FC52C057236003F0429 /* EssentialFeedAPIEndToEndTests */ = {
			isa = PBXNativeTarget;
			buildConfigurationList = 5B1C4FCF2C057236003F0429 /* Build configuration list for PBXNativeTarget "EssentialFeedAPIEndToEndTests" */;
			buildPhases = (
				5B1C4FC22C057236003F0429 /* Sources */,
				5B1C4FC32C057236003F0429 /* Frameworks */,
				5B1C4FC42C057236003F0429 /* Resources */,
			);
			buildRules = (
			);
			dependencies = (
				5B1C4FCC2C057236003F0429 /* PBXTargetDependency */,
			);
			name = EssentialFeedAPIEndToEndTests;
			productName = EssentialFeedAPIEndToEndTests;
			productReference = 5B1C4FC62C057236003F0429 /* EssentialFeedAPIEndToEndTests.xctest */;
			productType = "com.apple.product-type.bundle.unit-test";
		};
		5B4BAE752CFBA0EE00CE079A /* EssentialFeediOS */ = {
			isa = PBXNativeTarget;
			buildConfigurationList = 5B4BAE862CFBA0EE00CE079A /* Build configuration list for PBXNativeTarget "EssentialFeediOS" */;
			buildPhases = (
				5B4BAE712CFBA0EE00CE079A /* Headers */,
				5B4BAE722CFBA0EE00CE079A /* Sources */,
				5B4BAE732CFBA0EE00CE079A /* Frameworks */,
				5B4BAE742CFBA0EE00CE079A /* Resources */,
				5B6992952CFE85E400DD47E9 /* Embed Frameworks */,
			);
			buildRules = (
			);
			dependencies = (
				5B6992942CFE85E400DD47E9 /* PBXTargetDependency */,
			);
			name = EssentialFeediOS;
			packageProductDependencies = (
			);
			productName = EssentialFeediOS;
			productReference = 5B4BAE762CFBA0EE00CE079A /* EssentialFeediOS.framework */;
			productType = "com.apple.product-type.framework";
		};
		5B4BAE7C2CFBA0EE00CE079A /* EssentialFeediOSTests */ = {
			isa = PBXNativeTarget;
			buildConfigurationList = 5B4BAE892CFBA0EE00CE079A /* Build configuration list for PBXNativeTarget "EssentialFeediOSTests" */;
			buildPhases = (
				5B4BAE792CFBA0EE00CE079A /* Sources */,
				5B4BAE7A2CFBA0EE00CE079A /* Frameworks */,
				5B4BAE7B2CFBA0EE00CE079A /* Resources */,
			);
			buildRules = (
			);
			dependencies = (
				5B4BAE802CFBA0EE00CE079A /* PBXTargetDependency */,
			);
			name = EssentialFeediOSTests;
			packageProductDependencies = (
			);
			productName = EssentialFeediOSTests;
			productReference = 5B4BAE7D2CFBA0EE00CE079A /* EssentialFeediOSTests.xctest */;
			productType = "com.apple.product-type.bundle.unit-test";
		};
		5BA598AF2CE18F9F007B1795 /* EssentialFeedCacheIntegrationTests */ = {
			isa = PBXNativeTarget;
			buildConfigurationList = 5BA598B92CE18F9F007B1795 /* Build configuration list for PBXNativeTarget "EssentialFeedCacheIntegrationTests" */;
			buildPhases = (
				5BA598AC2CE18F9F007B1795 /* Sources */,
				5BA598AD2CE18F9F007B1795 /* Frameworks */,
				5BA598AE2CE18F9F007B1795 /* Resources */,
			);
			buildRules = (
			);
			dependencies = (
				5BA598B62CE18F9F007B1795 /* PBXTargetDependency */,
			);
			name = EssentialFeedCacheIntegrationTests;
			packageProductDependencies = (
			);
			productName = EssentialFeedCacheIntegrationTests;
			productReference = 5BA598B02CE18F9F007B1795 /* EssentialFeedCacheIntegrationTests.xctest */;
			productType = "com.apple.product-type.bundle.unit-test";
		};
/* End PBXNativeTarget section */

/* Begin PBXProject section */
		5B107DEF2BF5BB2100927709 /* Project object */ = {
			isa = PBXProject;
			attributes = {
				BuildIndependentTargetsInParallel = 1;
				LastSwiftUpdateCheck = 1610;
				LastUpgradeCheck = 1610;
				TargetAttributes = {
					5B107DF72BF5BB2100927709 = {
						CreatedOnToolsVersion = 15.4;
					};
					5B107E012BF5BB2100927709 = {
						CreatedOnToolsVersion = 15.4;
						LastSwiftMigration = 1540;
					};
					5B1C4FC52C057236003F0429 = {
						CreatedOnToolsVersion = 15.4;
					};
					5B4BAE752CFBA0EE00CE079A = {
						CreatedOnToolsVersion = 16.1;
						LastSwiftMigration = 1610;
					};
					5B4BAE7C2CFBA0EE00CE079A = {
						CreatedOnToolsVersion = 16.1;
						LastSwiftMigration = 1610;
					};
					5BA598AF2CE18F9F007B1795 = {
						CreatedOnToolsVersion = 16.1;
					};
				};
			};
			buildConfigurationList = 5B107DF22BF5BB2100927709 /* Build configuration list for PBXProject "EssentialFeed" */;
			compatibilityVersion = "Xcode 14.0";
			developmentRegion = en;
			hasScannedForEncodings = 0;
			knownRegions = (
				en,
				Base,
			);
			mainGroup = 5B107DEE2BF5BB2100927709;
			productRefGroup = 5B107DF92BF5BB2100927709 /* Products */;
			projectDirPath = "";
			projectRoot = "";
			targets = (
				5B107DF72BF5BB2100927709 /* EssentialFeed */,
				5B107E012BF5BB2100927709 /* EssentialFeedTests */,
				5B1C4FC52C057236003F0429 /* EssentialFeedAPIEndToEndTests */,
				5BA598AF2CE18F9F007B1795 /* EssentialFeedCacheIntegrationTests */,
				5B4BAE752CFBA0EE00CE079A /* EssentialFeediOS */,
				5B4BAE7C2CFBA0EE00CE079A /* EssentialFeediOSTests */,
			);
		};
/* End PBXProject section */

/* Begin PBXResourcesBuildPhase section */
		5B107DF62BF5BB2100927709 /* Resources */ = {
			isa = PBXResourcesBuildPhase;
			buildActionMask = 2147483647;
			files = (
			);
			runOnlyForDeploymentPostprocessing = 0;
		};
		5B107E002BF5BB2100927709 /* Resources */ = {
			isa = PBXResourcesBuildPhase;
			buildActionMask = 2147483647;
			files = (
			);
			runOnlyForDeploymentPostprocessing = 0;
		};
		5B1C4FC42C057236003F0429 /* Resources */ = {
			isa = PBXResourcesBuildPhase;
			buildActionMask = 2147483647;
			files = (
			);
			runOnlyForDeploymentPostprocessing = 0;
		};
		5B4BAE742CFBA0EE00CE079A /* Resources */ = {
			isa = PBXResourcesBuildPhase;
			buildActionMask = 2147483647;
			files = (
			);
			runOnlyForDeploymentPostprocessing = 0;
		};
		5B4BAE7B2CFBA0EE00CE079A /* Resources */ = {
			isa = PBXResourcesBuildPhase;
			buildActionMask = 2147483647;
			files = (
			);
			runOnlyForDeploymentPostprocessing = 0;
		};
		5BA598AE2CE18F9F007B1795 /* Resources */ = {
			isa = PBXResourcesBuildPhase;
			buildActionMask = 2147483647;
			files = (
			);
			runOnlyForDeploymentPostprocessing = 0;
		};
/* End PBXResourcesBuildPhase section */

/* Begin PBXSourcesBuildPhase section */
		5B107DF42BF5BB2100927709 /* Sources */ = {
			isa = PBXSourcesBuildPhase;
			buildActionMask = 2147483647;
			files = (
				5BC4F6CB2CDAF0B20002D4CF /* CoreDataHelpers.swift in Sources */,
				5B0E220D2BFE3135009FC3EB /* FeedItemsMapper.swift in Sources */,
				5B107E152BF5BF1400927709 /* FeedLoader.swift in Sources */,
				5B034B372C9BD23300FB65F8 /* RemoteFeedItem.swift in Sources */,
				5BE36BA62CD5845700ACC57C /* FeedCachePolicy.swift in Sources */,
				5B7BDE022BFA81B70002E7F8 /* RemoteFeedLoader.swift in Sources */,
				5BF9F30D2CDAD64700C8DB96 /* FeedStore.xcdatamodeld in Sources */,
				5B034B392C9BD2C000FB65F8 /* LocalFeedImage.swift in Sources */,
				5B034B352C9A819900FB65F8 /* FeedStore.swift in Sources */,
				5B034B332C9A804C00FB65F8 /* LocalFeedLoader.swift in Sources */,
				5B0E220B2BFE2FEA009FC3EB /* HTTPClient.swift in Sources */,
				5B107E132BF5BB4200927709 /* FeedImage.swift in Sources */,
				5B1C4F9B2C0556ED003F0429 /* URLSessionHTTPClient.swift in Sources */,
				5BC4F6CD2CDAF1B30002D4CF /* ManagedCache.swift in Sources */,
				5BF9F30A2CDAD24D00C8DB96 /* CoreDataFeedStore.swift in Sources */,
				5BC4F6CF2CDAF1C60002D4CF /* ManagedFeedImage.swift in Sources */,
			);
			runOnlyForDeploymentPostprocessing = 0;
		};
		5B107DFE2BF5BB2100927709 /* Sources */ = {
			isa = PBXSourcesBuildPhase;
			buildActionMask = 2147483647;
			files = (
				5B034B432CA3A0C800FB65F8 /* FeedCacheTestHelpers.swift in Sources */,
				5B034B412CA371CB00FB65F8 /* ValidateFeedCacheUseCaseTests.swift in Sources */,
				5B7AB8D72BF8BCE60034C68B /* LoadFeedFromRemoteUseCaseTests.swift in Sources */,
				5BF9F3012CD9A10500C8DB96 /* XCTestCase+FailableInsertFeedStoreSpecs.swift in Sources */,
				5B304EEA2BFF582400AF431F /* URLSessionHTTPClientTests.swift in Sources */,
				5B034B3F2CA0BAA500FB65F8 /* FeedStoreSpy.swift in Sources */,
				5B034B452CA3A1A100FB65F8 /* SharedTestHelpers.swift in Sources */,
				5B8BD18F2C3798D400CCA870 /* CacheFeedUseCaseTests.swift in Sources */,
				5BF9F3032CD9A1C600C8DB96 /* XCTestCase+FailableDeleteFeedStoreSpecs.swift in Sources */,
				5BF9F2FF2CD99FF300C8DB96 /* XCTestCase+FailableRetrieveFeedStoreSpecs.swift in Sources */,
				5B034B3B2CA0B09F00FB65F8 /* LoadFeedFromCacheUseCaseTests.swift in Sources */,
				5BF9F2F92CD9961400C8DB96 /* FeedStoreSpecs.swift in Sources */,
				5B8BB9992C02719F00D40D42 /* XCTestCase+MemoryLeakTracking.swift in Sources */,
				5BF9F3082CDAD1B600C8DB96 /* CoreDataFeedStoreTests.swift in Sources */,
				5BF9F2FB2CD997F300C8DB96 /* XCTestCase+FeedStoreSpecs.swift in Sources */,
			);
			runOnlyForDeploymentPostprocessing = 0;
		};
		5B1C4FC22C057236003F0429 /* Sources */ = {
			isa = PBXSourcesBuildPhase;
			buildActionMask = 2147483647;
			files = (
				5B1C4FC92C057236003F0429 /* EssentialFeedAPIEndToEndTests.swift in Sources */,
				5B1C4FD02C0579EE003F0429 /* XCTestCase+MemoryLeakTracking.swift in Sources */,
				5B034B462CA3A1A100FB65F8 /* SharedTestHelpers.swift in Sources */,
			);
			runOnlyForDeploymentPostprocessing = 0;
		};
		5B4BAE722CFBA0EE00CE079A /* Sources */ = {
			isa = PBXSourcesBuildPhase;
			buildActionMask = 2147483647;
			files = (
				5B6992FB2D09353200DD47E9 /* FeedImageDataLoader.swift in Sources */,
				5B6992FD2D09422D00DD47E9 /* FeedRefreshViewController.swift in Sources */,
				5B6992D92D0662B200DD47E9 /* UIView+Shimmering.swift in Sources */,
				5B6992AD2D012C7200DD47E9 /* FeedViewController.swift in Sources */,
				5B6992D72D03F23700DD47E9 /* FeedImageCell.swift in Sources */,
			);
			runOnlyForDeploymentPostprocessing = 0;
		};
		5B4BAE792CFBA0EE00CE079A /* Sources */ = {
			isa = PBXSourcesBuildPhase;
			buildActionMask = 2147483647;
			files = (
				5B6992F42D0923F500DD47E9 /* UIRefreshControlSpy.swift in Sources */,
				5B69928F2CFE811200DD47E9 /* FeedViewControllerTests.swift in Sources */,
				5B6992E72D091D5000DD47E9 /* UIButton+TestHelpers.swift in Sources */,
				5B6992E52D091CA600DD47E9 /* UIRefreshControl+TestHelpers.swift in Sources */,
				5B6992E92D091DF400DD47E9 /* UIControl+TestHelpers.swift in Sources */,
				5B6992F22D0922FD00DD47E9 /* FeedViewControllerTests+LoaderSpy.swift in Sources */,
				5B6992EE2D091FD700DD47E9 /* FeedViewController+TestHelpers.swift in Sources */,
				5B6992972CFE8D8B00DD47E9 /* XCTestCase+MemoryLeakTracking.swift in Sources */,
				5B6992E32D091BED00DD47E9 /* UIImage+TestHelpers.swift in Sources */,
				5B6992F62D09313600DD47E9 /* FeedViewControllerTests+Assertions.swift in Sources */,
				5B6992F02D09223300DD47E9 /* FeedImageCell+TestHelpers.swift in Sources */,
			);
			runOnlyForDeploymentPostprocessing = 0;
		};
		5BA598AC2CE18F9F007B1795 /* Sources */ = {
			isa = PBXSourcesBuildPhase;
			buildActionMask = 2147483647;
			files = (
				5BA598C02CE19EE0007B1795 /* SharedTestHelpers.swift in Sources */,
				5BA598BC2CE194BC007B1795 /* EssentialFeedCacheIntegrationTests.swift in Sources */,
				5BA598BF2CE19E50007B1795 /* FeedCacheTestHelpers.swift in Sources */,
				5BA598BE2CE1998D007B1795 /* XCTestCase+MemoryLeakTracking.swift in Sources */,
			);
			runOnlyForDeploymentPostprocessing = 0;
		};
/* End PBXSourcesBuildPhase section */

/* Begin PBXTargetDependency section */
		5B107E052BF5BB2100927709 /* PBXTargetDependency */ = {
			isa = PBXTargetDependency;
			target = 5B107DF72BF5BB2100927709 /* EssentialFeed */;
			targetProxy = 5B107E042BF5BB2100927709 /* PBXContainerItemProxy */;
		};
		5B1C4FCC2C057236003F0429 /* PBXTargetDependency */ = {
			isa = PBXTargetDependency;
			target = 5B107DF72BF5BB2100927709 /* EssentialFeed */;
			targetProxy = 5B1C4FCB2C057236003F0429 /* PBXContainerItemProxy */;
		};
		5B4BAE802CFBA0EE00CE079A /* PBXTargetDependency */ = {
			isa = PBXTargetDependency;
			target = 5B4BAE752CFBA0EE00CE079A /* EssentialFeediOS */;
			targetProxy = 5B4BAE7F2CFBA0EE00CE079A /* PBXContainerItemProxy */;
		};
		5B6992942CFE85E400DD47E9 /* PBXTargetDependency */ = {
			isa = PBXTargetDependency;
			platformFilter = ios;
			target = 5B107DF72BF5BB2100927709 /* EssentialFeed */;
			targetProxy = 5B6992932CFE85E400DD47E9 /* PBXContainerItemProxy */;
		};
		5BA598B62CE18F9F007B1795 /* PBXTargetDependency */ = {
			isa = PBXTargetDependency;
			target = 5B107DF72BF5BB2100927709 /* EssentialFeed */;
			targetProxy = 5BA598B52CE18F9F007B1795 /* PBXContainerItemProxy */;
		};
/* End PBXTargetDependency section */

/* Begin XCBuildConfiguration section */
		5B107E0A2BF5BB2100927709 /* Debug */ = {
			isa = XCBuildConfiguration;
			buildSettings = {
				ALWAYS_SEARCH_USER_PATHS = NO;
				ASSETCATALOG_COMPILER_GENERATE_SWIFT_ASSET_SYMBOL_EXTENSIONS = YES;
				CLANG_ANALYZER_NONNULL = YES;
				CLANG_ANALYZER_NUMBER_OBJECT_CONVERSION = YES_AGGRESSIVE;
				CLANG_CXX_LANGUAGE_STANDARD = "gnu++20";
				CLANG_ENABLE_MODULES = YES;
				CLANG_ENABLE_OBJC_ARC = YES;
				CLANG_ENABLE_OBJC_WEAK = YES;
				CLANG_WARN_BLOCK_CAPTURE_AUTORELEASING = YES;
				CLANG_WARN_BOOL_CONVERSION = YES;
				CLANG_WARN_COMMA = YES;
				CLANG_WARN_CONSTANT_CONVERSION = YES;
				CLANG_WARN_DEPRECATED_OBJC_IMPLEMENTATIONS = YES;
				CLANG_WARN_DIRECT_OBJC_ISA_USAGE = YES_ERROR;
				CLANG_WARN_DOCUMENTATION_COMMENTS = YES;
				CLANG_WARN_EMPTY_BODY = YES;
				CLANG_WARN_ENUM_CONVERSION = YES;
				CLANG_WARN_INFINITE_RECURSION = YES;
				CLANG_WARN_INT_CONVERSION = YES;
				CLANG_WARN_NON_LITERAL_NULL_CONVERSION = YES;
				CLANG_WARN_OBJC_IMPLICIT_RETAIN_SELF = YES;
				CLANG_WARN_OBJC_LITERAL_CONVERSION = YES;
				CLANG_WARN_OBJC_ROOT_CLASS = YES_ERROR;
				CLANG_WARN_QUOTED_INCLUDE_IN_FRAMEWORK_HEADER = YES;
				CLANG_WARN_RANGE_LOOP_ANALYSIS = YES;
				CLANG_WARN_STRICT_PROTOTYPES = YES;
				CLANG_WARN_SUSPICIOUS_MOVE = YES;
				CLANG_WARN_UNGUARDED_AVAILABILITY = YES_AGGRESSIVE;
				CLANG_WARN_UNREACHABLE_CODE = YES;
				CLANG_WARN__DUPLICATE_METHOD_MATCH = YES;
				COPY_PHASE_STRIP = NO;
				CURRENT_PROJECT_VERSION = 1;
				DEAD_CODE_STRIPPING = YES;
				DEBUG_INFORMATION_FORMAT = dwarf;
				ENABLE_STRICT_OBJC_MSGSEND = YES;
				ENABLE_TESTABILITY = YES;
				ENABLE_USER_SCRIPT_SANDBOXING = YES;
				GCC_C_LANGUAGE_STANDARD = gnu17;
				GCC_DYNAMIC_NO_PIC = NO;
				GCC_NO_COMMON_BLOCKS = YES;
				GCC_OPTIMIZATION_LEVEL = 0;
				GCC_PREPROCESSOR_DEFINITIONS = (
					"DEBUG=1",
					"$(inherited)",
				);
				GCC_WARN_64_TO_32_BIT_CONVERSION = YES;
				GCC_WARN_ABOUT_RETURN_TYPE = YES_ERROR;
				GCC_WARN_UNDECLARED_SELECTOR = YES;
				GCC_WARN_UNINITIALIZED_AUTOS = YES_AGGRESSIVE;
				GCC_WARN_UNUSED_FUNCTION = YES;
				GCC_WARN_UNUSED_VARIABLE = YES;
				LOCALIZATION_PREFERS_STRING_CATALOGS = YES;
				MACOSX_DEPLOYMENT_TARGET = 14.4;
				MTL_ENABLE_DEBUG_INFO = INCLUDE_SOURCE;
				MTL_FAST_MATH = YES;
				ONLY_ACTIVE_ARCH = YES;
				SDKROOT = macosx;
				SWIFT_ACTIVE_COMPILATION_CONDITIONS = "DEBUG $(inherited)";
				SWIFT_OPTIMIZATION_LEVEL = "-Onone";
				SWIFT_VERSION = 5.0;
				VERSIONING_SYSTEM = "apple-generic";
				VERSION_INFO_PREFIX = "";
			};
			name = Debug;
		};
		5B107E0B2BF5BB2100927709 /* Release */ = {
			isa = XCBuildConfiguration;
			buildSettings = {
				ALWAYS_SEARCH_USER_PATHS = NO;
				ASSETCATALOG_COMPILER_GENERATE_SWIFT_ASSET_SYMBOL_EXTENSIONS = YES;
				CLANG_ANALYZER_NONNULL = YES;
				CLANG_ANALYZER_NUMBER_OBJECT_CONVERSION = YES_AGGRESSIVE;
				CLANG_CXX_LANGUAGE_STANDARD = "gnu++20";
				CLANG_ENABLE_MODULES = YES;
				CLANG_ENABLE_OBJC_ARC = YES;
				CLANG_ENABLE_OBJC_WEAK = YES;
				CLANG_WARN_BLOCK_CAPTURE_AUTORELEASING = YES;
				CLANG_WARN_BOOL_CONVERSION = YES;
				CLANG_WARN_COMMA = YES;
				CLANG_WARN_CONSTANT_CONVERSION = YES;
				CLANG_WARN_DEPRECATED_OBJC_IMPLEMENTATIONS = YES;
				CLANG_WARN_DIRECT_OBJC_ISA_USAGE = YES_ERROR;
				CLANG_WARN_DOCUMENTATION_COMMENTS = YES;
				CLANG_WARN_EMPTY_BODY = YES;
				CLANG_WARN_ENUM_CONVERSION = YES;
				CLANG_WARN_INFINITE_RECURSION = YES;
				CLANG_WARN_INT_CONVERSION = YES;
				CLANG_WARN_NON_LITERAL_NULL_CONVERSION = YES;
				CLANG_WARN_OBJC_IMPLICIT_RETAIN_SELF = YES;
				CLANG_WARN_OBJC_LITERAL_CONVERSION = YES;
				CLANG_WARN_OBJC_ROOT_CLASS = YES_ERROR;
				CLANG_WARN_QUOTED_INCLUDE_IN_FRAMEWORK_HEADER = YES;
				CLANG_WARN_RANGE_LOOP_ANALYSIS = YES;
				CLANG_WARN_STRICT_PROTOTYPES = YES;
				CLANG_WARN_SUSPICIOUS_MOVE = YES;
				CLANG_WARN_UNGUARDED_AVAILABILITY = YES_AGGRESSIVE;
				CLANG_WARN_UNREACHABLE_CODE = YES;
				CLANG_WARN__DUPLICATE_METHOD_MATCH = YES;
				COPY_PHASE_STRIP = NO;
				CURRENT_PROJECT_VERSION = 1;
				DEAD_CODE_STRIPPING = YES;
				DEBUG_INFORMATION_FORMAT = "dwarf-with-dsym";
				ENABLE_NS_ASSERTIONS = NO;
				ENABLE_STRICT_OBJC_MSGSEND = YES;
				ENABLE_USER_SCRIPT_SANDBOXING = YES;
				GCC_C_LANGUAGE_STANDARD = gnu17;
				GCC_NO_COMMON_BLOCKS = YES;
				GCC_WARN_64_TO_32_BIT_CONVERSION = YES;
				GCC_WARN_ABOUT_RETURN_TYPE = YES_ERROR;
				GCC_WARN_UNDECLARED_SELECTOR = YES;
				GCC_WARN_UNINITIALIZED_AUTOS = YES_AGGRESSIVE;
				GCC_WARN_UNUSED_FUNCTION = YES;
				GCC_WARN_UNUSED_VARIABLE = YES;
				LOCALIZATION_PREFERS_STRING_CATALOGS = YES;
				MACOSX_DEPLOYMENT_TARGET = 14.4;
				MTL_ENABLE_DEBUG_INFO = NO;
				MTL_FAST_MATH = YES;
				SDKROOT = macosx;
				SWIFT_COMPILATION_MODE = wholemodule;
				SWIFT_VERSION = 5.0;
				VERSIONING_SYSTEM = "apple-generic";
				VERSION_INFO_PREFIX = "";
			};
			name = Release;
		};
		5B107E0D2BF5BB2100927709 /* Debug */ = {
			isa = XCBuildConfiguration;
			buildSettings = {
				BUILD_LIBRARY_FOR_DISTRIBUTION = YES;
				CODE_SIGN_IDENTITY = "";
				CODE_SIGN_STYLE = Automatic;
				COMBINE_HIDPI_IMAGES = YES;
				CURRENT_PROJECT_VERSION = 1;
				DEAD_CODE_STRIPPING = YES;
				DEFINES_MODULE = YES;
				DEVELOPMENT_TEAM = 4VK5P5723H;
				DYLIB_COMPATIBILITY_VERSION = 1;
				DYLIB_CURRENT_VERSION = 1;
				DYLIB_INSTALL_NAME_BASE = "@rpath";
				ENABLE_MODULE_VERIFIER = YES;
				GENERATE_INFOPLIST_FILE = YES;
				INFOPLIST_KEY_NSHumanReadableCopyright = "";
				INSTALL_PATH = "$(LOCAL_LIBRARY_DIR)/Frameworks";
				LD_RUNPATH_SEARCH_PATHS = (
					"$(inherited)",
					"@executable_path/../Frameworks",
					"@loader_path/Frameworks",
				);
				MARKETING_VERSION = 1.0;
				MODULE_VERIFIER_SUPPORTED_LANGUAGES = "objective-c objective-c++";
				MODULE_VERIFIER_SUPPORTED_LANGUAGE_STANDARDS = "gnu17 gnu++20";
				PRODUCT_BUNDLE_IDENTIFIER = com.portocode.EssentialFeed;
				PRODUCT_NAME = "$(TARGET_NAME:c99extidentifier)";
				SKIP_INSTALL = YES;
				SUPPORTED_PLATFORMS = "macosx iphoneos iphonesimulator";
				SWIFT_EMIT_LOC_STRINGS = YES;
				SWIFT_INSTALL_OBJC_HEADER = NO;
				SWIFT_VERSION = 5.0;
			};
			name = Debug;
		};
		5B107E0E2BF5BB2100927709 /* Release */ = {
			isa = XCBuildConfiguration;
			buildSettings = {
				BUILD_LIBRARY_FOR_DISTRIBUTION = YES;
				CODE_SIGN_IDENTITY = "";
				CODE_SIGN_STYLE = Automatic;
				COMBINE_HIDPI_IMAGES = YES;
				CURRENT_PROJECT_VERSION = 1;
				DEAD_CODE_STRIPPING = YES;
				DEFINES_MODULE = YES;
				DEVELOPMENT_TEAM = 4VK5P5723H;
				DYLIB_COMPATIBILITY_VERSION = 1;
				DYLIB_CURRENT_VERSION = 1;
				DYLIB_INSTALL_NAME_BASE = "@rpath";
				ENABLE_MODULE_VERIFIER = YES;
				GENERATE_INFOPLIST_FILE = YES;
				INFOPLIST_KEY_NSHumanReadableCopyright = "";
				INSTALL_PATH = "$(LOCAL_LIBRARY_DIR)/Frameworks";
				LD_RUNPATH_SEARCH_PATHS = (
					"$(inherited)",
					"@executable_path/../Frameworks",
					"@loader_path/Frameworks",
				);
				MARKETING_VERSION = 1.0;
				MODULE_VERIFIER_SUPPORTED_LANGUAGES = "objective-c objective-c++";
				MODULE_VERIFIER_SUPPORTED_LANGUAGE_STANDARDS = "gnu17 gnu++20";
				PRODUCT_BUNDLE_IDENTIFIER = com.portocode.EssentialFeed;
				PRODUCT_NAME = "$(TARGET_NAME:c99extidentifier)";
				SKIP_INSTALL = YES;
				SUPPORTED_PLATFORMS = "macosx iphoneos iphonesimulator";
				SWIFT_EMIT_LOC_STRINGS = YES;
				SWIFT_INSTALL_OBJC_HEADER = NO;
				SWIFT_VERSION = 5.0;
			};
			name = Release;
		};
		5B107E102BF5BB2100927709 /* Debug */ = {
			isa = XCBuildConfiguration;
			buildSettings = {
				CLANG_ENABLE_MODULES = YES;
				CODE_SIGN_STYLE = Automatic;
				CURRENT_PROJECT_VERSION = 1;
				DEAD_CODE_STRIPPING = YES;
				DEVELOPMENT_TEAM = 4VK5P5723H;
				GENERATE_INFOPLIST_FILE = YES;
				MARKETING_VERSION = 1.0;
				PRODUCT_BUNDLE_IDENTIFIER = com.portocode.EssentialFeedTests;
				PRODUCT_NAME = "$(TARGET_NAME)";
				SUPPORTED_PLATFORMS = "macosx iphoneos iphonesimulator";
				SWIFT_EMIT_LOC_STRINGS = NO;
				SWIFT_OPTIMIZATION_LEVEL = "-Onone";
				SWIFT_VERSION = 5.0;
			};
			name = Debug;
		};
		5B107E112BF5BB2100927709 /* Release */ = {
			isa = XCBuildConfiguration;
			buildSettings = {
				CLANG_ENABLE_MODULES = YES;
				CODE_SIGN_STYLE = Automatic;
				CURRENT_PROJECT_VERSION = 1;
				DEAD_CODE_STRIPPING = YES;
				DEVELOPMENT_TEAM = 4VK5P5723H;
				GENERATE_INFOPLIST_FILE = YES;
				MARKETING_VERSION = 1.0;
				PRODUCT_BUNDLE_IDENTIFIER = com.portocode.EssentialFeedTests;
				PRODUCT_NAME = "$(TARGET_NAME)";
				SUPPORTED_PLATFORMS = "macosx iphoneos iphonesimulator";
				SWIFT_EMIT_LOC_STRINGS = NO;
				SWIFT_VERSION = 5.0;
			};
			name = Release;
		};
		5B1C4FCD2C057236003F0429 /* Debug */ = {
			isa = XCBuildConfiguration;
			buildSettings = {
				CODE_SIGN_STYLE = Automatic;
				CURRENT_PROJECT_VERSION = 1;
				DEAD_CODE_STRIPPING = YES;
				DEVELOPMENT_TEAM = 4VK5P5723H;
				GENERATE_INFOPLIST_FILE = YES;
				MACOSX_DEPLOYMENT_TARGET = 14.4;
				MARKETING_VERSION = 1.0;
				PRODUCT_BUNDLE_IDENTIFIER = com.portocode.EssentialFeedAPIEndToEndTests;
				PRODUCT_NAME = "$(TARGET_NAME)";
				SUPPORTED_PLATFORMS = "macosx iphoneos iphonesimulator";
				SWIFT_EMIT_LOC_STRINGS = NO;
				SWIFT_VERSION = 5.0;
			};
			name = Debug;
		};
		5B1C4FCE2C057236003F0429 /* Release */ = {
			isa = XCBuildConfiguration;
			buildSettings = {
				CODE_SIGN_STYLE = Automatic;
				CURRENT_PROJECT_VERSION = 1;
				DEAD_CODE_STRIPPING = YES;
				DEVELOPMENT_TEAM = 4VK5P5723H;
				GENERATE_INFOPLIST_FILE = YES;
				MACOSX_DEPLOYMENT_TARGET = 14.4;
				MARKETING_VERSION = 1.0;
				PRODUCT_BUNDLE_IDENTIFIER = com.portocode.EssentialFeedAPIEndToEndTests;
				PRODUCT_NAME = "$(TARGET_NAME)";
				SUPPORTED_PLATFORMS = "macosx iphoneos iphonesimulator";
				SWIFT_EMIT_LOC_STRINGS = NO;
				SWIFT_VERSION = 5.0;
			};
			name = Release;
		};
		5B4BAE872CFBA0EE00CE079A /* Debug */ = {
			isa = XCBuildConfiguration;
			buildSettings = {
				BUILD_LIBRARY_FOR_DISTRIBUTION = YES;
				CLANG_ENABLE_MODULES = YES;
				CODE_SIGN_STYLE = Automatic;
				CURRENT_PROJECT_VERSION = 1;
				DEFINES_MODULE = YES;
				DEVELOPMENT_TEAM = 4VK5P5723H;
				DYLIB_COMPATIBILITY_VERSION = 1;
				DYLIB_CURRENT_VERSION = 1;
				DYLIB_INSTALL_NAME_BASE = "@rpath";
				ENABLE_MODULE_VERIFIER = YES;
				GENERATE_INFOPLIST_FILE = YES;
				INFOPLIST_KEY_NSHumanReadableCopyright = "";
				INSTALL_PATH = "$(LOCAL_LIBRARY_DIR)/Frameworks";
				IPHONEOS_DEPLOYMENT_TARGET = 18.1;
				LD_RUNPATH_SEARCH_PATHS = (
					"$(inherited)",
					"@executable_path/Frameworks",
					"@loader_path/Frameworks",
				);
				MARKETING_VERSION = 1.0;
				MODULE_VERIFIER_SUPPORTED_LANGUAGES = "objective-c objective-c++";
				MODULE_VERIFIER_SUPPORTED_LANGUAGE_STANDARDS = "gnu17 gnu++20";
				PRODUCT_BUNDLE_IDENTIFIER = com.portocode.EssentialFeediOS;
				PRODUCT_NAME = "$(TARGET_NAME:c99extidentifier)";
				SDKROOT = iphoneos;
				SKIP_INSTALL = YES;
				SWIFT_EMIT_LOC_STRINGS = YES;
				SWIFT_INSTALL_OBJC_HEADER = NO;
				SWIFT_OPTIMIZATION_LEVEL = "-Onone";
				SWIFT_VERSION = 5.0;
				TARGETED_DEVICE_FAMILY = "1,2";
			};
			name = Debug;
		};
		5B4BAE882CFBA0EE00CE079A /* Release */ = {
			isa = XCBuildConfiguration;
			buildSettings = {
				BUILD_LIBRARY_FOR_DISTRIBUTION = YES;
				CLANG_ENABLE_MODULES = YES;
				CODE_SIGN_STYLE = Automatic;
				CURRENT_PROJECT_VERSION = 1;
				DEFINES_MODULE = YES;
				DEVELOPMENT_TEAM = 4VK5P5723H;
				DYLIB_COMPATIBILITY_VERSION = 1;
				DYLIB_CURRENT_VERSION = 1;
				DYLIB_INSTALL_NAME_BASE = "@rpath";
				ENABLE_MODULE_VERIFIER = YES;
				GENERATE_INFOPLIST_FILE = YES;
				INFOPLIST_KEY_NSHumanReadableCopyright = "";
				INSTALL_PATH = "$(LOCAL_LIBRARY_DIR)/Frameworks";
				IPHONEOS_DEPLOYMENT_TARGET = 18.1;
				LD_RUNPATH_SEARCH_PATHS = (
					"$(inherited)",
					"@executable_path/Frameworks",
					"@loader_path/Frameworks",
				);
				MARKETING_VERSION = 1.0;
				MODULE_VERIFIER_SUPPORTED_LANGUAGES = "objective-c objective-c++";
				MODULE_VERIFIER_SUPPORTED_LANGUAGE_STANDARDS = "gnu17 gnu++20";
				PRODUCT_BUNDLE_IDENTIFIER = com.portocode.EssentialFeediOS;
				PRODUCT_NAME = "$(TARGET_NAME:c99extidentifier)";
				SDKROOT = iphoneos;
				SKIP_INSTALL = YES;
				SWIFT_EMIT_LOC_STRINGS = YES;
				SWIFT_INSTALL_OBJC_HEADER = NO;
				SWIFT_VERSION = 5.0;
				TARGETED_DEVICE_FAMILY = "1,2";
				VALIDATE_PRODUCT = YES;
			};
			name = Release;
		};
		5B4BAE8A2CFBA0EE00CE079A /* Debug */ = {
			isa = XCBuildConfiguration;
			buildSettings = {
				CLANG_ENABLE_MODULES = YES;
				CODE_SIGN_STYLE = Automatic;
				CURRENT_PROJECT_VERSION = 1;
				DEVELOPMENT_TEAM = 4VK5P5723H;
				GENERATE_INFOPLIST_FILE = YES;
				IPHONEOS_DEPLOYMENT_TARGET = 18.1;
				MARKETING_VERSION = 1.0;
				PRODUCT_BUNDLE_IDENTIFIER = com.portocode.EssentialFeediOSTests;
				PRODUCT_NAME = "$(TARGET_NAME)";
				SDKROOT = iphoneos;
				SWIFT_EMIT_LOC_STRINGS = NO;
				SWIFT_OPTIMIZATION_LEVEL = "-Onone";
				SWIFT_VERSION = 5.0;
				TARGETED_DEVICE_FAMILY = "1,2";
			};
			name = Debug;
		};
		5B4BAE8B2CFBA0EE00CE079A /* Release */ = {
			isa = XCBuildConfiguration;
			buildSettings = {
				CLANG_ENABLE_MODULES = YES;
				CODE_SIGN_STYLE = Automatic;
				CURRENT_PROJECT_VERSION = 1;
				DEVELOPMENT_TEAM = 4VK5P5723H;
				GENERATE_INFOPLIST_FILE = YES;
				IPHONEOS_DEPLOYMENT_TARGET = 18.1;
				MARKETING_VERSION = 1.0;
				PRODUCT_BUNDLE_IDENTIFIER = com.portocode.EssentialFeediOSTests;
				PRODUCT_NAME = "$(TARGET_NAME)";
				SDKROOT = iphoneos;
				SWIFT_EMIT_LOC_STRINGS = NO;
				SWIFT_VERSION = 5.0;
				TARGETED_DEVICE_FAMILY = "1,2";
				VALIDATE_PRODUCT = YES;
			};
			name = Release;
		};
		5BA598B72CE18F9F007B1795 /* Debug */ = {
			isa = XCBuildConfiguration;
			buildSettings = {
				CODE_SIGN_STYLE = Automatic;
				CURRENT_PROJECT_VERSION = 1;
				DEVELOPMENT_TEAM = 4VK5P5723H;
				GENERATE_INFOPLIST_FILE = YES;
				MACOSX_DEPLOYMENT_TARGET = 14.5;
				MARKETING_VERSION = 1.0;
				PRODUCT_BUNDLE_IDENTIFIER = com.portocode.EssentialFeedCacheIntegrationTests;
				PRODUCT_NAME = "$(TARGET_NAME)";
				SUPPORTED_PLATFORMS = "macosx iphoneos iphonesimulator";
				SWIFT_EMIT_LOC_STRINGS = NO;
				SWIFT_VERSION = 5.0;
			};
			name = Debug;
		};
		5BA598B82CE18F9F007B1795 /* Release */ = {
			isa = XCBuildConfiguration;
			buildSettings = {
				CODE_SIGN_STYLE = Automatic;
				CURRENT_PROJECT_VERSION = 1;
				DEVELOPMENT_TEAM = 4VK5P5723H;
				GENERATE_INFOPLIST_FILE = YES;
				MACOSX_DEPLOYMENT_TARGET = 14.5;
				MARKETING_VERSION = 1.0;
				PRODUCT_BUNDLE_IDENTIFIER = com.portocode.EssentialFeedCacheIntegrationTests;
				PRODUCT_NAME = "$(TARGET_NAME)";
				SUPPORTED_PLATFORMS = "macosx iphoneos iphonesimulator";
				SWIFT_EMIT_LOC_STRINGS = NO;
				SWIFT_VERSION = 5.0;
			};
			name = Release;
		};
/* End XCBuildConfiguration section */

/* Begin XCConfigurationList section */
		5B107DF22BF5BB2100927709 /* Build configuration list for PBXProject "EssentialFeed" */ = {
			isa = XCConfigurationList;
			buildConfigurations = (
				5B107E0A2BF5BB2100927709 /* Debug */,
				5B107E0B2BF5BB2100927709 /* Release */,
			);
			defaultConfigurationIsVisible = 0;
			defaultConfigurationName = Release;
		};
		5B107E0C2BF5BB2100927709 /* Build configuration list for PBXNativeTarget "EssentialFeed" */ = {
			isa = XCConfigurationList;
			buildConfigurations = (
				5B107E0D2BF5BB2100927709 /* Debug */,
				5B107E0E2BF5BB2100927709 /* Release */,
			);
			defaultConfigurationIsVisible = 0;
			defaultConfigurationName = Release;
		};
		5B107E0F2BF5BB2100927709 /* Build configuration list for PBXNativeTarget "EssentialFeedTests" */ = {
			isa = XCConfigurationList;
			buildConfigurations = (
				5B107E102BF5BB2100927709 /* Debug */,
				5B107E112BF5BB2100927709 /* Release */,
			);
			defaultConfigurationIsVisible = 0;
			defaultConfigurationName = Release;
		};
		5B1C4FCF2C057236003F0429 /* Build configuration list for PBXNativeTarget "EssentialFeedAPIEndToEndTests" */ = {
			isa = XCConfigurationList;
			buildConfigurations = (
				5B1C4FCD2C057236003F0429 /* Debug */,
				5B1C4FCE2C057236003F0429 /* Release */,
			);
			defaultConfigurationIsVisible = 0;
			defaultConfigurationName = Release;
		};
		5B4BAE862CFBA0EE00CE079A /* Build configuration list for PBXNativeTarget "EssentialFeediOS" */ = {
			isa = XCConfigurationList;
			buildConfigurations = (
				5B4BAE872CFBA0EE00CE079A /* Debug */,
				5B4BAE882CFBA0EE00CE079A /* Release */,
			);
			defaultConfigurationIsVisible = 0;
			defaultConfigurationName = Release;
		};
		5B4BAE892CFBA0EE00CE079A /* Build configuration list for PBXNativeTarget "EssentialFeediOSTests" */ = {
			isa = XCConfigurationList;
			buildConfigurations = (
				5B4BAE8A2CFBA0EE00CE079A /* Debug */,
				5B4BAE8B2CFBA0EE00CE079A /* Release */,
			);
			defaultConfigurationIsVisible = 0;
			defaultConfigurationName = Release;
		};
		5BA598B92CE18F9F007B1795 /* Build configuration list for PBXNativeTarget "EssentialFeedCacheIntegrationTests" */ = {
			isa = XCConfigurationList;
			buildConfigurations = (
				5BA598B72CE18F9F007B1795 /* Debug */,
				5BA598B82CE18F9F007B1795 /* Release */,
			);
			defaultConfigurationIsVisible = 0;
			defaultConfigurationName = Release;
		};
/* End XCConfigurationList section */

/* Begin XCVersionGroup section */
		5BF9F30B2CDAD64700C8DB96 /* FeedStore.xcdatamodeld */ = {
			isa = XCVersionGroup;
			children = (
				5BF9F30C2CDAD64700C8DB96 /* FeedStore.xcdatamodel */,
			);
			currentVersion = 5BF9F30C2CDAD64700C8DB96 /* FeedStore.xcdatamodel */;
			path = FeedStore.xcdatamodeld;
			sourceTree = "<group>";
			versionGroupType = wrapper.xcdatamodel;
		};
/* End XCVersionGroup section */
	};
	rootObject = 5B107DEF2BF5BB2100927709 /* Project object */;
}
